
Microsoft Visual Studio Solution File, Format Version 11.00
# Visual Studio 2010
Project("{FAE04EC0-301F-11D3-BF4B-00C04F79EFBC}") = "NOP.Core", "NOP.Core.csproj", "{ACC799C6-BCD3-47D8-993A-DA67787AC7FE}"
EndProject
Project("{FAE04EC0-301F-11D3-BF4B-00C04F79EFBC}") = "NOP.Testbench", "NOP.Testbench\NOP.Testbench.csproj", "{38209F25-6A1F-4AD2-A0B7-123E63687CFC}"
EndProject
Project("{FAE04EC0-301F-11D3-BF4B-00C04F79EFBC}") = "NOP.UI", "NOP.UI\NOP.UI.csproj", "{DC4C44C3-27A9-434A-BAE9-AD02AFB118E3}"
EndProject
Global
	GlobalSection(SolutionConfigurationPlatforms) = preSolution
		Debug|Any CPU = Debug|Any CPU
		Release|Any CPU = Release|Any CPU
		Default|Any CPU = Default|Any CPU
	EndGlobalSection
	GlobalSection(ProjectConfigurationPlatforms) = postSolution
		{38209F25-6A1F-4AD2-A0B7-123E63687CFC}.Debug|Any CPU.ActiveCfg = Debug|Any CPU
		{38209F25-6A1F-4AD2-A0B7-123E63687CFC}.Debug|Any CPU.Build.0 = Debug|Any CPU
		{38209F25-6A1F-4AD2-A0B7-123E63687CFC}.Default|Any CPU.ActiveCfg = Debug|Any CPU
		{38209F25-6A1F-4AD2-A0B7-123E63687CFC}.Default|Any CPU.Build.0 = Debug|Any CPU
		{38209F25-6A1F-4AD2-A0B7-123E63687CFC}.Release|Any CPU.ActiveCfg = Release|Any CPU
		{38209F25-6A1F-4AD2-A0B7-123E63687CFC}.Release|Any CPU.Build.0 = Release|Any CPU
		{ACC799C6-BCD3-47D8-993A-DA67787AC7FE}.Debug|Any CPU.ActiveCfg = Debug|Any CPU
		{ACC799C6-BCD3-47D8-993A-DA67787AC7FE}.Debug|Any CPU.Build.0 = Debug|Any CPU
		{ACC799C6-BCD3-47D8-993A-DA67787AC7FE}.Release|Any CPU.ActiveCfg = Release|Any CPU
		{ACC799C6-BCD3-47D8-993A-DA67787AC7FE}.Release|Any CPU.Build.0 = Release|Any CPU
		{DC4C44C3-27A9-434A-BAE9-AD02AFB118E3}.Debug|Any CPU.ActiveCfg = Debug|Any CPU
		{DC4C44C3-27A9-434A-BAE9-AD02AFB118E3}.Debug|Any CPU.Build.0 = Debug|Any CPU
		{DC4C44C3-27A9-434A-BAE9-AD02AFB118E3}.Default|Any CPU.ActiveCfg = Debug|Any CPU
		{DC4C44C3-27A9-434A-BAE9-AD02AFB118E3}.Default|Any CPU.Build.0 = Debug|Any CPU
		{DC4C44C3-27A9-434A-BAE9-AD02AFB118E3}.Release|Any CPU.ActiveCfg = Release|Any CPU
		{DC4C44C3-27A9-434A-BAE9-AD02AFB118E3}.Release|Any CPU.Build.0 = Release|Any CPU
	EndGlobalSection
	GlobalSection(MonoDevelopProperties) = preSolution
		StartupItem = NOP.Testbench\NOP.Testbench.csproj
		Policies = $0
		$0.TextStylePolicy = $1
		$1.TabWidth = 4
		$1.inheritsSet = Mono
		$1.inheritsScope = text/plain
		$1.scope = text/x-csharp
		$0.CSharpFormattingPolicy = $2
		$2.IndentSwitchBody = True
		$2.AnonymousMethodBraceStyle = NextLine
		$2.PropertyBraceStyle = NextLine
		$2.PropertyGetBraceStyle = NextLine
		$2.PropertySetBraceStyle = NextLine
		$2.EventBraceStyle = NextLine
		$2.StatementBraceStyle = NextLine
		$2.PlaceElseOnNewLine = True
		$2.PlaceElseIfOnNewLine = True
		$2.PlaceCatchOnNewLine = True
		$2.PlaceFinallyOnNewLine = True
		$2.PlaceWhileOnNewLine = True
		$2.PlaceArrayInitializersOnNewLine = AlwaysNewLine
		$2.inheritsSet = Mono
		$2.inheritsScope = text/x-csharp
		$2.scope = text/x-csharp
	EndGlobalSection
EndGlobal
